
Microsoft Visual Studio Solution File, Format Version 12.00
# Visual Studio 14
VisualStudioVersion = 14.0.22609.0
MinimumVisualStudioVersion = 10.0.40219.1
Project("{FAE04EC0-301F-11D3-BF4B-00C04F79EFBC}") = "Star.WebPanel", "Source\Star.WebPanel.csproj", "{ABF14021-27F1-465E-9EAE-36287F767D68}"
EndProject
Project("{FAE04EC0-301F-11D3-BF4B-00C04F79EFBC}") = "Microsoft.AspNet.SignalR.Core", "Microsoft.AspNet.SignalR.Core\Microsoft.AspNet.SignalR.Core.csproj", "{1B9A82C4-BCA1-4834-A33E-226F17BE070B}"
EndProject
Project("{FAE04EC0-301F-11D3-BF4B-00C04F79EFBC}") = "Microsoft.AspNet.SignalR.Client", "Microsoft.AspNet.SignalR.Client\Microsoft.AspNet.SignalR.Client.csproj", "{EB46B9C6-EE37-48F9-835E-E49580E40E0A}"
EndProject
Project("{FAE04EC0-301F-11D3-BF4B-00C04F79EFBC}") = "Microsoft.AspNet.SignalR.SystemWeb", "Microsoft.AspNet.SignalR.SystemWeb\Microsoft.AspNet.SignalR.SystemWeb.csproj", "{21407043-7991-4123-B264-4D43B97B61B7}"
EndProject
Global
	GlobalSection(SolutionConfigurationPlatforms) = preSolution
		Debug|Any CPU = Debug|Any CPU
		Debug|x86 = Debug|x86
		Release|Any CPU = Release|Any CPU
		Release|x86 = Release|x86
	EndGlobalSection
	GlobalSection(ProjectConfigurationPlatforms) = postSolution
		{ABF14021-27F1-465E-9EAE-36287F767D68}.Debug|Any CPU.ActiveCfg = Debug|Any CPU
		{ABF14021-27F1-465E-9EAE-36287F767D68}.Debug|Any CPU.Build.0 = Debug|Any CPU
		{ABF14021-27F1-465E-9EAE-36287F767D68}.Debug|x86.ActiveCfg = Debug|Any CPU
		{ABF14021-27F1-465E-9EAE-36287F767D68}.Debug|x86.Build.0 = Debug|Any CPU
		{ABF14021-27F1-465E-9EAE-36287F767D68}.Release|Any CPU.ActiveCfg = Release|Any CPU
		{ABF14021-27F1-465E-9EAE-36287F767D68}.Release|Any CPU.Build.0 = Release|Any CPU
		{ABF14021-27F1-465E-9EAE-36287F767D68}.Release|x86.ActiveCfg = Release|Any CPU
		{ABF14021-27F1-465E-9EAE-36287F767D68}.Release|x86.Build.0 = Release|Any CPU
		{1B9A82C4-BCA1-4834-A33E-226F17BE070B}.Debug|Any CPU.ActiveCfg = Debug|x86
		{1B9A82C4-BCA1-4834-A33E-226F17BE070B}.Debug|x86.ActiveCfg = Debug|x86
		{1B9A82C4-BCA1-4834-A33E-226F17BE070B}.Debug|x86.Build.0 = Debug|x86
		{1B9A82C4-BCA1-4834-A33E-226F17BE070B}.Release|Any CPU.ActiveCfg = Release|x86
		{1B9A82C4-BCA1-4834-A33E-226F17BE070B}.Release|x86.ActiveCfg = Release|x86
		{1B9A82C4-BCA1-4834-A33E-226F17BE070B}.Release|x86.Build.0 = Release|x86
		{EB46B9C6-EE37-48F9-835E-E49580E40E0A}.Debug|Any CPU.ActiveCfg = Debug|Any CPU
		{EB46B9C6-EE37-48F9-835E-E49580E40E0A}.Debug|Any CPU.Build.0 = Debug|Any CPU
		{EB46B9C6-EE37-48F9-835E-E49580E40E0A}.Debug|x86.ActiveCfg = Debug|Any CPU
		{EB46B9C6-EE37-48F9-835E-E49580E40E0A}.Debug|x86.Build.0 = Debug|Any CPU
		{EB46B9C6-EE37-48F9-835E-E49580E40E0A}.Release|Any CPU.ActiveCfg = Release|Any CPU
		{EB46B9C6-EE37-48F9-835E-E49580E40E0A}.Release|Any CPU.Build.0 = Release|Any CPU
		{EB46B9C6-EE37-48F9-835E-E49580E40E0A}.Release|x86.ActiveCfg = Release|Any CPU
		{EB46B9C6-EE37-48F9-835E-E49580E40E0A}.Release|x86.Build.0 = Release|Any CPU
		{21407043-7991-4123-B264-4D43B97B61B7}.Debug|Any CPU.ActiveCfg = Debug|Any CPU
		{21407043-7991-4123-B264-4D43B97B61B7}.Debug|Any CPU.Build.0 = Debug|Any CPU
		{21407043-7991-4123-B264-4D43B97B61B7}.Debug|x86.ActiveCfg = Debug|Any CPU
		{21407043-7991-4123-B264-4D43B97B61B7}.Debug|x86.Build.0 = Debug|Any CPU
		{21407043-7991-4123-B264-4D43B97B61B7}.Release|Any CPU.ActiveCfg = Release|Any CPU
		{21407043-7991-4123-B264-4D43B97B61B7}.Release|Any CPU.Build.0 = Release|Any CPU
		{21407043-7991-4123-B264-4D43B97B61B7}.Release|x86.ActiveCfg = Release|Any CPU
		{21407043-7991-4123-B264-4D43B97B61B7}.Release|x86.Build.0 = Release|Any CPU
	EndGlobalSection
	GlobalSection(SolutionProperties) = preSolution
		HideSolutionNode = FALSE
	EndGlobalSection
EndGlobal
